{
  "name": "stocks",
  "version": "1.0.0",
  "lockfileVersion": 3,
  "requires": true,
  "packages": {
    "": {
      "name": "stocks",
      "version": "1.0.0",
      "license": "AGPL-3.0-only",
      "dependencies": {
        "@rebble/clay": "^1.0.8",
        "message-queue-pebble": "^1.0.0"
      }
    },
    "node_modules/@rebble/clay": {
      "version": "1.0.8",
      "resolved": "https://registry.npmjs.org/@rebble/clay/-/clay-1.0.8.tgz",
      "integrity": "sha512-nLZes039sniW1Qx24AXirk1EH+JXNKSX5fAiJYObPL1znt83IGLIulZvDWXvM+HCmaSnjPheYdxvspr3CZicYQ==",
      "license": "MIT"
    },
    "node_modules/message-queue-pebble": {
      "version": "1.0.0",
      "resolved": "https://registry.npmjs.org/message-queue-pebble/-/message-queue-pebble-1.0.0.tgz",
      "integrity": "sha512-oTHZhhKJb0SNjKs1Ogvbdu6ZnZpoErGLOcoI77+jQeMjykviKoDmiBQw1dshgAqjd9l4VyMooWStwhIqBzbGEQ==",
      "license": "MIT"
    }
  }
}
